
Microsoft Visual Studio Solution File, Format Version 12.00
# Visual Studio Version 16
VisualStudioVersion = 16.0.28922.388
MinimumVisualStudioVersion = 10.0.40219.1
Project("{9A19103F-16F7-4668-BE54-9A1E7A4F7556}") = "Spriint.Api", "Spriint.Api\Spriint.Api.csproj", "{38963515-AED1-49D3-B1E6-317F879DC588}"
EndProject
Project("{9A19103F-16F7-4668-BE54-9A1E7A4F7556}") = "Spriint.Api.Test", "Spriint.Api.Test\Spriint.Api.Test.csproj", "{D0DB8741-8A1D-4501-9923-7B0F3AF2449A}"
EndProject
Global
	GlobalSection(SolutionConfigurationPlatforms) = preSolution
		Debug|Any CPU = Debug|Any CPU
		Release|Any CPU = Release|Any CPU
	EndGlobalSection
	GlobalSection(ProjectConfigurationPlatforms) = postSolution
		{38963515-AED1-49D3-B1E6-317F879DC588}.Debug|Any CPU.ActiveCfg = Debug|Any CPU
		{38963515-AED1-49D3-B1E6-317F879DC588}.Debug|Any CPU.Build.0 = Debug|Any CPU
		{38963515-AED1-49D3-B1E6-317F879DC588}.Release|Any CPU.ActiveCfg = Release|Any CPU
		{38963515-AED1-49D3-B1E6-317F879DC588}.Release|Any CPU.Build.0 = Release|Any CPU
		{D0DB8741-8A1D-4501-9923-7B0F3AF2449A}.Debug|Any CPU.ActiveCfg = Debug|Any CPU
		{D0DB8741-8A1D-4501-9923-7B0F3AF2449A}.Debug|Any CPU.Build.0 = Debug|Any CPU
		{D0DB8741-8A1D-4501-9923-7B0F3AF2449A}.Release|Any CPU.ActiveCfg = Release|Any CPU
		{D0DB8741-8A1D-4501-9923-7B0F3AF2449A}.Release|Any CPU.Build.0 = Release|Any CPU
	EndGlobalSection
	GlobalSection(SolutionProperties) = preSolution
		HideSolutionNode = FALSE
	EndGlobalSection
	GlobalSection(ExtensibilityGlobals) = postSolution
		SolutionGuid = {10696221-345D-4A78-AF74-57A117121FE2}
	EndGlobalSection
EndGlobal
